
Microsoft Visual Studio Solution File, Format Version 12.00
# Visual Studio Version 16
VisualStudioVersion = 16.0.30907.101
MinimumVisualStudioVersion = 10.0.40219.1
Project("{9A19103F-16F7-4668-BE54-9A1E7A4F7556}") = "DDS.Client", "DDS.Client\DDS.Client.csproj", "{D4D87CBD-9932-4659-A4DA-5FD77646C558}"
EndProject
Project("{9A19103F-16F7-4668-BE54-9A1E7A4F7556}") = "DDS.WebApi", "DDS.WebApi\DDS.WebApi.csproj", "{870BD819-A19A-41A1-B159-3A6F6AADE9EB}"
EndProject
Global
	GlobalSection(SolutionConfigurationPlatforms) = preSolution
		Debug|Any CPU = Debug|Any CPU
		Release|Any CPU = Release|Any CPU
	EndGlobalSection
	GlobalSection(ProjectConfigurationPlatforms) = postSolution
		{D4D87CBD-9932-4659-A4DA-5FD77646C558}.Debug|Any CPU.ActiveCfg = Debug|Any CPU
		{D4D87CBD-9932-4659-A4DA-5FD77646C558}.Debug|Any CPU.Build.0 = Debug|Any CPU
		{D4D87CBD-9932-4659-A4DA-5FD77646C558}.Release|Any CPU.ActiveCfg = Release|Any CPU
		{D4D87CBD-9932-4659-A4DA-5FD77646C558}.Release|Any CPU.Build.0 = Release|Any CPU
		{870BD819-A19A-41A1-B159-3A6F6AADE9EB}.Debug|Any CPU.ActiveCfg = Debug|Any CPU
		{870BD819-A19A-41A1-B159-3A6F6AADE9EB}.Debug|Any CPU.Build.0 = Debug|Any CPU
		{870BD819-A19A-41A1-B159-3A6F6AADE9EB}.Release|Any CPU.ActiveCfg = Release|Any CPU
		{870BD819-A19A-41A1-B159-3A6F6AADE9EB}.Release|Any CPU.Build.0 = Release|Any CPU
	EndGlobalSection
	GlobalSection(SolutionProperties) = preSolution
		HideSolutionNode = FALSE
	EndGlobalSection
	GlobalSection(ExtensibilityGlobals) = postSolution
		SolutionGuid = {26753552-6C54-4188-BC79-7766FE51EE43}
	EndGlobalSection
EndGlobal
